
Microsoft Visual Studio Solution File, Format Version 12.00
# Visual Studio Version 17
VisualStudioVersion = 17.13.35825.156 d17.13
MinimumVisualStudioVersion = 10.0.40219.1
Project("{FAE04EC0-301F-11D3-BF4B-00C04F79EFBC}") = "TurnBased2DGame", "TurnBased2DGame\TurnBased2DGame.csproj", "{F3CAEB28-094B-4910-A88D-8B7FC4BA0C19}"
EndProject
Project("{FAE04EC0-301F-11D3-BF4B-00C04F79EFBC}") = "TestConsoleApp", "TestConsoleApp\TestConsoleApp.csproj", "{8F702466-9683-472B-A9A0-5A672539881F}"
EndProject
Global
	GlobalSection(SolutionConfigurationPlatforms) = preSolution
		Debug|Any CPU = Debug|Any CPU
		Release|Any CPU = Release|Any CPU
	EndGlobalSection
	GlobalSection(ProjectConfigurationPlatforms) = postSolution
		{F3CAEB28-094B-4910-A88D-8B7FC4BA0C19}.Debug|Any CPU.ActiveCfg = Debug|Any CPU
		{F3CAEB28-094B-4910-A88D-8B7FC4BA0C19}.Debug|Any CPU.Build.0 = Debug|Any CPU
		{F3CAEB28-094B-4910-A88D-8B7FC4BA0C19}.Release|Any CPU.ActiveCfg = Release|Any CPU
		{F3CAEB28-094B-4910-A88D-8B7FC4BA0C19}.Release|Any CPU.Build.0 = Release|Any CPU
		{8F702466-9683-472B-A9A0-5A672539881F}.Debug|Any CPU.ActiveCfg = Debug|Any CPU
		{8F702466-9683-472B-A9A0-5A672539881F}.Debug|Any CPU.Build.0 = Debug|Any CPU
		{8F702466-9683-472B-A9A0-5A672539881F}.Release|Any CPU.ActiveCfg = Release|Any CPU
		{8F702466-9683-472B-A9A0-5A672539881F}.Release|Any CPU.Build.0 = Release|Any CPU
	EndGlobalSection
	GlobalSection(SolutionProperties) = preSolution
		HideSolutionNode = FALSE
	EndGlobalSection
	GlobalSection(ExtensibilityGlobals) = postSolution
		SolutionGuid = {151CF79E-35D2-481B-A5F1-AE94B287C58F}
	EndGlobalSection
EndGlobal
